
Microsoft Visual Studio Solution File, Format Version 12.00
# Visual Studio Version 17
VisualStudioVersion = 17.11.35327.3
MinimumVisualStudioVersion = 10.0.40219.1
Project("{9A19103F-16F7-4668-BE54-9A1E7A4F7556}") = "techshop", "techshop\techshop.csproj", "{02587047-6B70-4DF5-88CC-833A784E73BB}"
EndProject
Project("{9A19103F-16F7-4668-BE54-9A1E7A4F7556}") = "techshop_admin", "techshop_admin\techshop_admin.csproj", "{D6E09164-5DCF-4327-A3B4-56614FB1F727}"
EndProject
Project("{FAE04EC0-301F-11D3-BF4B-00C04F79EFBC}") = "techshop_api", "techshop_api\techshop_api.csproj", "{43EAC2B2-C0D5-48CC-A4E5-EA0DD5632120}"
EndProject
Global
	GlobalSection(SolutionConfigurationPlatforms) = preSolution
		Debug|Any CPU = Debug|Any CPU
		Release|Any CPU = Release|Any CPU
	EndGlobalSection
	GlobalSection(ProjectConfigurationPlatforms) = postSolution
		{02587047-6B70-4DF5-88CC-833A784E73BB}.Debug|Any CPU.ActiveCfg = Debug|Any CPU
		{02587047-6B70-4DF5-88CC-833A784E73BB}.Debug|Any CPU.Build.0 = Debug|Any CPU
		{02587047-6B70-4DF5-88CC-833A784E73BB}.Release|Any CPU.ActiveCfg = Release|Any CPU
		{02587047-6B70-4DF5-88CC-833A784E73BB}.Release|Any CPU.Build.0 = Release|Any CPU
		{D6E09164-5DCF-4327-A3B4-56614FB1F727}.Debug|Any CPU.ActiveCfg = Debug|Any CPU
		{D6E09164-5DCF-4327-A3B4-56614FB1F727}.Debug|Any CPU.Build.0 = Debug|Any CPU
		{D6E09164-5DCF-4327-A3B4-56614FB1F727}.Release|Any CPU.ActiveCfg = Release|Any CPU
		{D6E09164-5DCF-4327-A3B4-56614FB1F727}.Release|Any CPU.Build.0 = Release|Any CPU
		{43EAC2B2-C0D5-48CC-A4E5-EA0DD5632120}.Debug|Any CPU.ActiveCfg = Debug|Any CPU
		{43EAC2B2-C0D5-48CC-A4E5-EA0DD5632120}.Debug|Any CPU.Build.0 = Debug|Any CPU
		{43EAC2B2-C0D5-48CC-A4E5-EA0DD5632120}.Release|Any CPU.ActiveCfg = Release|Any CPU
		{43EAC2B2-C0D5-48CC-A4E5-EA0DD5632120}.Release|Any CPU.Build.0 = Release|Any CPU
	EndGlobalSection
	GlobalSection(SolutionProperties) = preSolution
		HideSolutionNode = FALSE
	EndGlobalSection
	GlobalSection(ExtensibilityGlobals) = postSolution
		SolutionGuid = {3B443263-A439-4D11-9F4B-2D493FC8ED73}
	EndGlobalSection
EndGlobal
